
Microsoft Visual Studio Solution File, Format Version 12.00
# Visual Studio Version 17
VisualStudioVersion = 17.5.002.0
MinimumVisualStudioVersion = 10.0.40219.1
Project("{2150E333-8FDC-42A3-9474-1A3956D46DE8}") = "base-hack", "base-hack", "{3F8F9F3B-D1BD-48DA-A8A9-AFE651F89729}"
EndProject
Project("{9A19103F-16F7-4668-BE54-9A1E7A4F7556}") = "build-cs", "base-hack\build-cs\build-cs.csproj", "{38EE6461-B8F0-4938-A8BC-536E2B798419}"
EndProject
Global
	GlobalSection(SolutionConfigurationPlatforms) = preSolution
		Debug|Any CPU = Debug|Any CPU
		Release|Any CPU = Release|Any CPU
	EndGlobalSection
	GlobalSection(ProjectConfigurationPlatforms) = postSolution
		{38EE6461-B8F0-4938-A8BC-536E2B798419}.Debug|Any CPU.ActiveCfg = Debug|Any CPU
		{38EE6461-B8F0-4938-A8BC-536E2B798419}.Debug|Any CPU.Build.0 = Debug|Any CPU
		{38EE6461-B8F0-4938-A8BC-536E2B798419}.Release|Any CPU.ActiveCfg = Release|Any CPU
		{38EE6461-B8F0-4938-A8BC-536E2B798419}.Release|Any CPU.Build.0 = Release|Any CPU
	EndGlobalSection
	GlobalSection(SolutionProperties) = preSolution
		HideSolutionNode = FALSE
	EndGlobalSection
	GlobalSection(NestedProjects) = preSolution
		{38EE6461-B8F0-4938-A8BC-536E2B798419} = {3F8F9F3B-D1BD-48DA-A8A9-AFE651F89729}
	EndGlobalSection
	GlobalSection(ExtensibilityGlobals) = postSolution
		SolutionGuid = {3E1368DD-5D47-4ED6-A59A-26DAF9F41ECC}
	EndGlobalSection
EndGlobal
